
Microsoft Visual Studio Solution File, Format Version 12.00
# Visual Studio Version 16
VisualStudioVersion = 16.0.31515.178
MinimumVisualStudioVersion = 10.0.40219.1
Project("{9A19103F-16F7-4668-BE54-9A1E7A4F7556}") = "SpotifyAutomation", "TwitterAutomation\SpotifyAutomation.csproj", "{7044F2FD-2FAA-4D12-B696-E19597B58187}"
EndProject
Project("{FAE04EC0-301F-11D3-BF4B-00C04F79EFBC}") = "spotify", "spotify\spotify.csproj", "{866FC397-480D-4A90-8395-0C8C590B61AB}"
EndProject
Global
	GlobalSection(SolutionConfigurationPlatforms) = preSolution
		Debug|Any CPU = Debug|Any CPU
		Release|Any CPU = Release|Any CPU
	EndGlobalSection
	GlobalSection(ProjectConfigurationPlatforms) = postSolution
		{7044F2FD-2FAA-4D12-B696-E19597B58187}.Debug|Any CPU.ActiveCfg = Debug|Any CPU
		{7044F2FD-2FAA-4D12-B696-E19597B58187}.Debug|Any CPU.Build.0 = Debug|Any CPU
		{7044F2FD-2FAA-4D12-B696-E19597B58187}.Release|Any CPU.ActiveCfg = Release|Any CPU
		{7044F2FD-2FAA-4D12-B696-E19597B58187}.Release|Any CPU.Build.0 = Release|Any CPU
		{866FC397-480D-4A90-8395-0C8C590B61AB}.Debug|Any CPU.ActiveCfg = Debug|Any CPU
		{866FC397-480D-4A90-8395-0C8C590B61AB}.Debug|Any CPU.Build.0 = Debug|Any CPU
		{866FC397-480D-4A90-8395-0C8C590B61AB}.Release|Any CPU.ActiveCfg = Release|Any CPU
		{866FC397-480D-4A90-8395-0C8C590B61AB}.Release|Any CPU.Build.0 = Release|Any CPU
	EndGlobalSection
	GlobalSection(SolutionProperties) = preSolution
		HideSolutionNode = FALSE
	EndGlobalSection
	GlobalSection(ExtensibilityGlobals) = postSolution
		SolutionGuid = {899EB5B2-6798-4C68-9748-46F3EA379B50}
	EndGlobalSection
EndGlobal
